
Microsoft Visual Studio Solution File, Format Version 12.00
# Visual Studio Version 17
VisualStudioVersion = 17.11.35312.102
MinimumVisualStudioVersion = 10.0.40219.1
Project("{FAE04EC0-301F-11D3-BF4B-00C04F79EFBC}") = "PersonalExpenseTracker", "PersonalExpenseTracker\PersonalExpenseTracker.csproj", "{8162E25A-0F19-4B7F-9AA2-DD1179626266}"
EndProject
Global
	GlobalSection(SolutionConfigurationPlatforms) = preSolution
		Debug|Any CPU = Debug|Any CPU
		Release|Any CPU = Release|Any CPU
	EndGlobalSection
	GlobalSection(ProjectConfigurationPlatforms) = postSolution
		{8162E25A-0F19-4B7F-9AA2-DD1179626266}.Debug|Any CPU.ActiveCfg = Debug|Any CPU
		{8162E25A-0F19-4B7F-9AA2-DD1179626266}.Debug|Any CPU.Build.0 = Debug|Any CPU
		{8162E25A-0F19-4B7F-9AA2-DD1179626266}.Release|Any CPU.ActiveCfg = Release|Any CPU
		{8162E25A-0F19-4B7F-9AA2-DD1179626266}.Release|Any CPU.Build.0 = Release|Any CPU
	EndGlobalSection
	GlobalSection(SolutionProperties) = preSolution
		HideSolutionNode = FALSE
	EndGlobalSection
	GlobalSection(ExtensibilityGlobals) = postSolution
		SolutionGuid = {09ECAA09-DF80-47F4-BE5D-A3C48DA3D934}
	EndGlobalSection
EndGlobal
